
Microsoft Visual Studio Solution File, Format Version 12.00
# Visual Studio Version 17
VisualStudioVersion = 17.12.35707.178
MinimumVisualStudioVersion = 10.0.40219.1
Project("{FAE04EC0-301F-11D3-BF4B-00C04F79EFBC}") = "SchemaBot.SettingService.Client", "SchemaBot.SettingService.Client\SchemaBot.SettingService.Client.csproj", "{90023C65-4311-47A2-82B4-46D3A44A1CA5}"
EndProject
Project("{FAE04EC0-301F-11D3-BF4B-00C04F79EFBC}") = "SchemaBot.SettingService.Core", "SchemaBot.SettingService.Core\SchemaBot.SettingService.Core.csproj", "{04C664F4-06A6-4BD0-BE1D-989709ACB81D}"
EndProject
Project("{FAE04EC0-301F-11D3-BF4B-00C04F79EFBC}") = "SchemaBot.AiAgent", "SchemaBot.AiAgent\SchemaBot.AiAgent.csproj", "{F952AB41-FA13-4A01-A9BF-2173B3D6393C}"
EndProject
Project("{FAE04EC0-301F-11D3-BF4B-00C04F79EFBC}") = "SchemaBot.Settings.Api", "SchemaBot.Settings.Api\SchemaBot.Settings.Api.csproj", "{A64A5FE9-2EAC-4FD7-BC7E-D2819124DDDB}"
EndProject
Project("{FAE04EC0-301F-11D3-BF4B-00C04F79EFBC}") = "SchemaBot.Ui", "SchemaBot.Ui\SchemaBot.Ui.csproj", "{D39C0896-370F-49AC-8B7B-B93D13185AC0}"
EndProject
Global
	GlobalSection(SolutionConfigurationPlatforms) = preSolution
		Debug|Any CPU = Debug|Any CPU
		Release|Any CPU = Release|Any CPU
	EndGlobalSection
	GlobalSection(ProjectConfigurationPlatforms) = postSolution
		{90023C65-4311-47A2-82B4-46D3A44A1CA5}.Debug|Any CPU.ActiveCfg = Debug|Any CPU
		{90023C65-4311-47A2-82B4-46D3A44A1CA5}.Debug|Any CPU.Build.0 = Debug|Any CPU
		{90023C65-4311-47A2-82B4-46D3A44A1CA5}.Release|Any CPU.ActiveCfg = Release|Any CPU
		{90023C65-4311-47A2-82B4-46D3A44A1CA5}.Release|Any CPU.Build.0 = Release|Any CPU
		{04C664F4-06A6-4BD0-BE1D-989709ACB81D}.Debug|Any CPU.ActiveCfg = Debug|Any CPU
		{04C664F4-06A6-4BD0-BE1D-989709ACB81D}.Debug|Any CPU.Build.0 = Debug|Any CPU
		{04C664F4-06A6-4BD0-BE1D-989709ACB81D}.Release|Any CPU.ActiveCfg = Release|Any CPU
		{04C664F4-06A6-4BD0-BE1D-989709ACB81D}.Release|Any CPU.Build.0 = Release|Any CPU
		{F952AB41-FA13-4A01-A9BF-2173B3D6393C}.Debug|Any CPU.ActiveCfg = Debug|Any CPU
		{F952AB41-FA13-4A01-A9BF-2173B3D6393C}.Debug|Any CPU.Build.0 = Debug|Any CPU
		{F952AB41-FA13-4A01-A9BF-2173B3D6393C}.Release|Any CPU.ActiveCfg = Release|Any CPU
		{F952AB41-FA13-4A01-A9BF-2173B3D6393C}.Release|Any CPU.Build.0 = Release|Any CPU
		{A64A5FE9-2EAC-4FD7-BC7E-D2819124DDDB}.Debug|Any CPU.ActiveCfg = Debug|Any CPU
		{A64A5FE9-2EAC-4FD7-BC7E-D2819124DDDB}.Debug|Any CPU.Build.0 = Debug|Any CPU
		{A64A5FE9-2EAC-4FD7-BC7E-D2819124DDDB}.Release|Any CPU.ActiveCfg = Release|Any CPU
		{A64A5FE9-2EAC-4FD7-BC7E-D2819124DDDB}.Release|Any CPU.Build.0 = Release|Any CPU
		{D39C0896-370F-49AC-8B7B-B93D13185AC0}.Debug|Any CPU.ActiveCfg = Debug|Any CPU
		{D39C0896-370F-49AC-8B7B-B93D13185AC0}.Debug|Any CPU.Build.0 = Debug|Any CPU
		{D39C0896-370F-49AC-8B7B-B93D13185AC0}.Release|Any CPU.ActiveCfg = Release|Any CPU
		{D39C0896-370F-49AC-8B7B-B93D13185AC0}.Release|Any CPU.Build.0 = Release|Any CPU
	EndGlobalSection
	GlobalSection(SolutionProperties) = preSolution
		HideSolutionNode = FALSE
	EndGlobalSection
EndGlobal
